<?xml version="1.0" encoding="utf-8"?>
<Project ToolsVersion="4.0" xmlns="http://schemas.microsoft.com/developer/msbuild/2003">
  <ItemGroup>
    <Filter Include="소스 파일">
      <UniqueIdentifier>{4FC737F1-C7A5-4376-A066-2A32D752A2FF}</UniqueIdentifier>
      <Extensions>cpp;c;cc;cxx;c++;cppm;ixx;def;odl;idl;hpj;bat;asm;asmx</Extensions>
    </Filter>
    <Filter Include="리소스 파일">
      <UniqueIdentifier>{67DA6AB6-F800-4c08-8B7A-83BB121AAD01}</UniqueIdentifier>
      <Extensions>rc;ico;cur;bmp;dlg;rc2;rct;bin;rgs;gif;jpg;jpeg;jpe;resx;tiff;tif;png;wav;mfcribbon-ms</Extensions>
    </Filter>
    <Filter Include="소스 파일\00. MainGame">
      <UniqueIdentifier>{cdb1e39d-bf3e-4a3b-8afa-ea7eac079ef2}</UniqueIdentifier>
    </Filter>
    <Filter Include="소스 파일\99. Headers">
      <UniqueIdentifier>{1f9cf743-313f-4298-bd88-7a67c963457c}</UniqueIdentifier>
    </Filter>
    <Filter Include="소스 파일\01. Managers">
      <UniqueIdentifier>{76d6ebe0-8a26-4f84-9c07-7d305cab0f73}</UniqueIdentifier>
    </Filter>
    <Filter Include="소스 파일\02. GameObjects">
      <UniqueIdentifier>{561f069a-d870-4448-9b3d-1bf0ce17c203}</UniqueIdentifier>
    </Filter>
    <Filter Include="소스 파일\02. GameObjects\GameObject">
      <UniqueIdentifier>{61e4a58e-52b7-47c7-aced-470a858757d1}</UniqueIdentifier>
    </Filter>
    <Filter Include="소스 파일\03. Scenes">
      <UniqueIdentifier>{56e18f37-2c32-4db5-b71c-a2b004392f42}</UniqueIdentifier>
    </Filter>
    <Filter Include="소스 파일\03. Scenes\Scene">
      <UniqueIdentifier>{eb0733af-055e-472c-b8b0-4d4f2c8d56ec}</UniqueIdentifier>
    </Filter>
  </ItemGroup>
  <ItemGroup>
    <ClCompile Include="MainGame.cpp">
      <Filter>소스 파일\00. MainGame</Filter>
    </ClCompile>
    <ClCompile Include="pch.cpp">
      <Filter>소스 파일\99. Headers</Filter>
    </ClCompile>
    <ClCompile Include="Game.cpp">
      <Filter>소스 파일\00. MainGame</Filter>
    </ClCompile>
    <ClCompile Include="GameManager.cpp">
      <Filter>소스 파일\01. Managers</Filter>
    </ClCompile>
    <ClCompile Include="InputManager.cpp">
      <Filter>소스 파일\01. Managers</Filter>
    </ClCompile>
    <ClCompile Include="Utils.cpp">
      <Filter>소스 파일\99. Headers</Filter>
    </ClCompile>
    <ClCompile Include="GameObject.cpp">
      <Filter>소스 파일\02. GameObjects\GameObject</Filter>
    </ClCompile>
    <ClCompile Include="Scene.cpp">
      <Filter>소스 파일\03. Scenes\Scene</Filter>
    </ClCompile>
    <ClCompile Include="GameScene.cpp">
      <Filter>소스 파일\03. Scenes</Filter>
    </ClCompile>
    <ClCompile Include="MainTitleScene.cpp">
      <Filter>소스 파일\03. Scenes</Filter>
    </ClCompile>
    <ClCompile Include="TextGameObject.cpp">
      <Filter>소스 파일\02. GameObjects</Filter>
    </ClCompile>
    <ClCompile Include="SceneManager.cpp">
      <Filter>소스 파일\01. Managers</Filter>
    </ClCompile>
    <ClCompile Include="SpriteGameObject.cpp">
      <Filter>소스 파일\02. GameObjects</Filter>
    </ClCompile>
  </ItemGroup>
  <ItemGroup>
    <ClInclude Include="pch.h">
      <Filter>소스 파일\99. Headers</Filter>
    </ClInclude>
    <ClInclude Include="Defines.h">
      <Filter>소스 파일\99. Headers</Filter>
    </ClInclude>
    <ClInclude Include="Game.h">
      <Filter>소스 파일\00. MainGame</Filter>
    </ClInclude>
    <ClInclude Include="GameManager.h">
      <Filter>소스 파일\01. Managers</Filter>
    </ClInclude>
    <ClInclude Include="InputManager.h">
      <Filter>소스 파일\01. Managers</Filter>
    </ClInclude>
    <ClInclude Include="Utils.h">
      <Filter>소스 파일\99. Headers</Filter>
    </ClInclude>
    <ClInclude Include="Enums.h">
      <Filter>소스 파일\99. Headers</Filter>
    </ClInclude>
    <ClInclude Include="GameObject.h">
      <Filter>소스 파일\02. GameObjects\GameObject</Filter>
    </ClInclude>
    <ClInclude Include="Scene.h">
      <Filter>소스 파일\03. Scenes\Scene</Filter>
    </ClInclude>
    <ClInclude Include="GameScene.h">
      <Filter>소스 파일\03. Scenes</Filter>
    </ClInclude>
    <ClInclude Include="TextGameObject.h">
      <Filter>소스 파일\02. GameObjects</Filter>
    </ClInclude>
    <ClInclude Include="SpriteGameObject.h">
      <Filter>소스 파일\02. GameObjects</Filter>
    </ClInclude>
    <ClInclude Include="SceneManager.h">
      <Filter>소스 파일\01. Managers</Filter>
    </ClInclude>
    <ClInclude Include="ResourceManager.h">
      <Filter>소스 파일\01. Managers</Filter>
    </ClInclude>
    <ClInclude Include="MainTitleScene.h">
      <Filter>소스 파일\03. Scenes</Filter>
    </ClInclude>
  </ItemGroup>
</Project>